{
  "name": "hugo-rhds",
  "version": "1.0.0",
  "lockfileVersion": 3,
  "requires": true,
  "packages": {
    "": {
      "name": "hugo-rhds",
      "version": "1.0.0",
      "license": "ISC",
      "dependencies": {
        "@rhds/elements": "^4.0.2",
        "lit": "^3.3.2"
      }
    },
    "node_modules/@esbuild/darwin-arm64": {
      "version": "0.27.3",
      "resolved": "https://registry.npmjs.org/@esbuild/darwin-arm64/-/darwin-arm64-0.27.3.tgz",
      "integrity": "sha512-Re491k7ByTVRy0t3EKWajdLIr0gz2kKKfzafkth4Q8A5n1xTHrkqZgLLjFEHVD+AXdUGgQMq+Godfq45mGpCKg==",
      "cpu": [
        "arm64"
      ],
      "license": "MIT",
      "optional": true,
      "os": [
        "darwin"
      ],
      "engines": {
        "node": ">=18"
      }
    },
    "node_modules/@esbuild/linux-x64": {
      "version": "0.27.3",
      "resolved": "https://registry.npmjs.org/@esbuild/linux-x64/-/linux-x64-0.27.3.tgz",
      "integrity": "sha512-Czi8yzXUWIQYAtL/2y6vogER8pvcsOsk5cpwL4Gk5nJqH5UZiVByIY8Eorm5R13gq+DQKYg0+JyQoytLQas4dA==",
      "cpu": [
        "x64"
      ],
      "license": "MIT",
      "optional": true,
      "os": [
        "linux"
      ],
      "engines": {
        "node": ">=18"
      }
    },
    "node_modules/@lit-labs/ssr-dom-shim": {
      "version": "1.5.1",
      "resolved": "https://registry.npmjs.org/@lit-labs/ssr-dom-shim/-/ssr-dom-shim-1.5.1.tgz",
      "integrity": "sha512-Aou5UdlSpr5whQe8AA/bZG0jMj96CoJIWbGfZ91qieWu5AWUMKw8VR/pAkQkJYvBNhmCcWnZlyyk5oze8JIqYA==",
      "license": "BSD-3-Clause"
    },
    "node_modules/@lit/context": {
      "version": "1.1.6",
      "resolved": "https://registry.npmjs.org/@lit/context/-/context-1.1.6.tgz",
      "integrity": "sha512-M26qDE6UkQbZA2mQ3RjJ3Gzd8TxP+/0obMgE5HfkfLhEEyYE3Bui4A5XHiGPjy0MUGAyxB3QgVuw2ciS0kHn6A==",
      "license": "BSD-3-Clause",
      "dependencies": {
        "@lit/reactive-element": "^1.6.2 || ^2.1.0"
      }
    },
    "node_modules/@lit/reactive-element": {
      "version": "2.1.2",
      "resolved": "https://registry.npmjs.org/@lit/reactive-element/-/reactive-element-2.1.2.tgz",
      "integrity": "sha512-pbCDiVMnne1lYUIaYNN5wrwQXDtHaYtg7YEFPeW+hws6U47WeFvISGUWekPGKWOP1ygrs0ef0o1VJMk1exos5A==",
      "license": "BSD-3-Clause",
      "dependencies": {
        "@lit-labs/ssr-dom-shim": "^1.5.0"
      }
    },
    "node_modules/@patternfly/pfe-core": {
      "version": "5.0.6",
      "resolved": "https://registry.npmjs.org/@patternfly/pfe-core/-/pfe-core-5.0.6.tgz",
      "integrity": "sha512-95j0BDltTTVQzOSIqpiZXQYzm1kuwqpHeB/7/QOjmZP3wtvYcaccnE/2dldKF68rn0Rwgk9xbgz7MR8/CnKFgQ==",
      "license": "MIT",
      "dependencies": {
        "@lit/context": "^1.1.6",
        "lit": "^3.3.2"
      }
    },
    "node_modules/@rhds/elements": {
      "version": "4.0.2",
      "resolved": "https://registry.npmjs.org/@rhds/elements/-/elements-4.0.2.tgz",
      "integrity": "sha512-O2AYxI8tt863EmSSpZiOF2zEI84USZaTnqGn46CarcN/PwF4sa4HCra2LzQM1VuaS7Utwc57GfMHZJuP4XwJaQ==",
      "license": "MIT",
      "dependencies": {
        "@lit/context": "^1.1.6",
        "@patternfly/pfe-core": "^5.0.5",
        "@rhds/icons": "^2.0",
        "@rhds/tokens": "^3.0.2",
        "lit": "^3.3.2",
        "prism-esm": "^1.29.0-fix.6",
        "tslib": "^2.8.1"
      },
      "optionalDependencies": {
        "@esbuild/darwin-arm64": "^0.27.2",
        "@esbuild/linux-x64": "^0.27.2",
        "@rollup/rollup-darwin-x64": "4.34.8"
      }
    },
    "node_modules/@rhds/icons": {
      "version": "2.1.0",
      "resolved": "https://registry.npmjs.org/@rhds/icons/-/icons-2.1.0.tgz",
      "integrity": "sha512-BUF9p2E8bFmq6NN6MMO4B3HsJEx9XqzFlYMHsdcCtiNRPqltPqKmzeEogq6GF1Im7L5qcyPO9KvvuxlXdB9k+Q==",
      "license": "MIT"
    },
    "node_modules/@rhds/tokens": {
      "version": "3.0.2",
      "resolved": "https://registry.npmjs.org/@rhds/tokens/-/tokens-3.0.2.tgz",
      "integrity": "sha512-86ObaB5PDhLHTla5qDCAdrHGSaBAkQNaI0v6bvFGXZ4SWw5IDZ0mN7OwgDvxwR6Njg8Tu+ijNY6Dp725dDOPtg==",
      "peerDependencies": {
        "lit": "^3.0.0"
      }
    },
    "node_modules/@rollup/rollup-darwin-x64": {
      "version": "4.34.8",
      "resolved": "https://registry.npmjs.org/@rollup/rollup-darwin-x64/-/rollup-darwin-x64-4.34.8.tgz",
      "integrity": "sha512-qIP/elwR/tq/dYRx3lgwK31jkZvMiD6qUtOycLhTzCvrjbZ3LjQnEM9rNhSGpbLXVJYQ3rq39A6Re0h9tU2ynw==",
      "cpu": [
        "x64"
      ],
      "license": "MIT",
      "optional": true,
      "os": [
        "darwin"
      ]
    },
    "node_modules/@types/trusted-types": {
      "version": "2.0.7",
      "resolved": "https://registry.npmjs.org/@types/trusted-types/-/trusted-types-2.0.7.tgz",
      "integrity": "sha512-ScaPdn1dQczgbl0QFTeTOmVHFULt394XJgOQNoyVhZ6r2vLnMLJfBPd53SB52T/3G36VI1/g2MZaX0cwDuXsfw==",
      "license": "MIT"
    },
    "node_modules/lit": {
      "version": "3.3.2",
      "resolved": "https://registry.npmjs.org/lit/-/lit-3.3.2.tgz",
      "integrity": "sha512-NF9zbsP79l4ao2SNrH3NkfmFgN/hBYSQo90saIVI1o5GpjAdCPVstVzO1MrLOakHoEhYkrtRjPK6Ob521aoYWQ==",
      "license": "BSD-3-Clause",
      "dependencies": {
        "@lit/reactive-element": "^2.1.0",
        "lit-element": "^4.2.0",
        "lit-html": "^3.3.0"
      }
    },
    "node_modules/lit-element": {
      "version": "4.2.2",
      "resolved": "https://registry.npmjs.org/lit-element/-/lit-element-4.2.2.tgz",
      "integrity": "sha512-aFKhNToWxoyhkNDmWZwEva2SlQia+jfG0fjIWV//YeTaWrVnOxD89dPKfigCUspXFmjzOEUQpOkejH5Ly6sG0w==",
      "license": "BSD-3-Clause",
      "dependencies": {
        "@lit-labs/ssr-dom-shim": "^1.5.0",
        "@lit/reactive-element": "^2.1.0",
        "lit-html": "^3.3.0"
      }
    },
    "node_modules/lit-html": {
      "version": "3.3.2",
      "resolved": "https://registry.npmjs.org/lit-html/-/lit-html-3.3.2.tgz",
      "integrity": "sha512-Qy9hU88zcmaxBXcc10ZpdK7cOLXvXpRoBxERdtqV9QOrfpMZZ6pSYP91LhpPtap3sFMUiL7Tw2RImbe0Al2/kw==",
      "license": "BSD-3-Clause",
      "dependencies": {
        "@types/trusted-types": "^2.0.2"
      }
    },
    "node_modules/prism-esm": {
      "version": "1.29.0-fix.6",
      "resolved": "https://registry.npmjs.org/prism-esm/-/prism-esm-1.29.0-fix.6.tgz",
      "integrity": "sha512-0l09s7VIUPnUXdvxH66HIUW0zHzdBpvK6cXThMFTB9D6CjRoZz0gIj9nri2WqPCZVNc36wJ7w5dwJZs9Xw7Efw==",
      "license": "MIT",
      "engines": {
        "node": ">=6"
      }
    },
    "node_modules/tslib": {
      "version": "2.8.1",
      "resolved": "https://registry.npmjs.org/tslib/-/tslib-2.8.1.tgz",
      "integrity": "sha512-oJFu94HQb+KVduSUQL7wnpmqnfmLsOA/nAh6b6EH0wCEoK0/mPeXU6c3wKDV83MkOuHPRHtSXKKU99IBazS/2w==",
      "license": "0BSD"
    }
  }
}
